// !$*UTF8*$!
{
	archiveVersion = 1;
	classes = {
	};
	objectVersion = 55;
	objects = {

/* Begin PBXBuildFile section */
		B9EB5600A0D788D51C770ECD /* Pods_NewsApp.framework in Frameworks */ = {isa = PBXBuildFile; fileRef = DD8E1FACB62BFF9F397F54CE /* Pods_NewsApp.framework */; };
		D038D8832795D1F900994561 /* DetailsViewController.swift in Sources */ = {isa = PBXBuildFile; fileRef = D038D8822795D1F900994561 /* DetailsViewController.swift */; };
		D038D8852795FB4500994561 /* Main.storyboard in Resources */ = {isa = PBXBuildFile; fileRef = D038D8842795FB4500994561 /* Main.storyboard */; };
		D05BCD972795B61B001B850E /* WebService.swift in Sources */ = {isa = PBXBuildFile; fileRef = D05BCD962795B61B001B850E /* WebService.swift */; };
		D05BCD992795B64F001B850E /* NewsModel.swift in Sources */ = {isa = PBXBuildFile; fileRef = D05BCD982795B64F001B850E /* NewsModel.swift */; };
		D05BCD9C2795B7E8001B850E /* NewsViewModel.swift in Sources */ = {isa = PBXBuildFile; fileRef = D05BCD9B2795B7E8001B850E /* NewsViewModel.swift */; };
		D05BCD9E2795BA4F001B850E /* AppUtilities.swift in Sources */ = {isa = PBXBuildFile; fileRef = D05BCD9D2795BA4F001B850E /* AppUtilities.swift */; };
		D0602B00279AAC6E0092413F /* EconomyViewController.swift in Sources */ = {isa = PBXBuildFile; fileRef = D0602AFF279AAC6D0092413F /* EconomyViewController.swift */; };
		D0602B02279AADF80092413F /* PolicyViewController.swift in Sources */ = {isa = PBXBuildFile; fileRef = D0602B01279AADF80092413F /* PolicyViewController.swift */; };
		D06B3B0927957A84001A25EE /* AppDelegate.swift in Sources */ = {isa = PBXBuildFile; fileRef = D06B3B0827957A84001A25EE /* AppDelegate.swift */; };
		D06B3B0B27957A84001A25EE /* SceneDelegate.swift in Sources */ = {isa = PBXBuildFile; fileRef = D06B3B0A27957A84001A25EE /* SceneDelegate.swift */; };
		D06B3B0D27957A84001A25EE /* HeadlineViewController.swift in Sources */ = {isa = PBXBuildFile; fileRef = D06B3B0C27957A84001A25EE /* HeadlineViewController.swift */; };
		D06B3B1527957A85001A25EE /* LaunchScreen.storyboard in Resources */ = {isa = PBXBuildFile; fileRef = D06B3B1327957A85001A25EE /* LaunchScreen.storyboard */; };
		D06B3B2627957C20001A25EE /* TableViewCell.swift in Sources */ = {isa = PBXBuildFile; fileRef = D06B3B2427957C20001A25EE /* TableViewCell.swift */; };
		D06B3B2727957C20001A25EE /* HeadlineTableViewCell.xib in Resources */ = {isa = PBXBuildFile; fileRef = D06B3B2527957C20001A25EE /* HeadlineTableViewCell.xib */; };
		D06B3B2927958034001A25EE /* Assets.xcassets in Resources */ = {isa = PBXBuildFile; fileRef = D06B3B2827958034001A25EE /* Assets.xcassets */; };
		D0A9B1F5279A08B50022147F /* MagazineViewController.swift in Sources */ = {isa = PBXBuildFile; fileRef = D0A9B1F4279A08B50022147F /* MagazineViewController.swift */; };
		D0BB2D47279A03A50008B386 /* SportViewController.swift in Sources */ = {isa = PBXBuildFile; fileRef = D0BB2D46279A03A50008B386 /* SportViewController.swift */; };
/* End PBXBuildFile section */

/* Begin PBXFileReference section */
		A5441B7253218A4B420945DC /* Pods-NewsApp.release.xcconfig */ = {isa = PBXFileReference; includeInIndex = 1; lastKnownFileType = text.xcconfig; name = "Pods-NewsApp.release.xcconfig"; path = "Target Support Files/Pods-NewsApp/Pods-NewsApp.release.xcconfig"; sourceTree = "<group>"; };
		A66ED8765416B621E6E39FCD /* Pods-NewsApp.debug.xcconfig */ = {isa = PBXFileReference; includeInIndex = 1; lastKnownFileType = text.xcconfig; name = "Pods-NewsApp.debug.xcconfig"; path = "Target Support Files/Pods-NewsApp/Pods-NewsApp.debug.xcconfig"; sourceTree = "<group>"; };
		D038D8822795D1F900994561 /* DetailsViewController.swift */ = {isa = PBXFileReference; lastKnownFileType = sourcecode.swift; path = DetailsViewController.swift; sourceTree = "<group>"; };
		D038D8842795FB4500994561 /* Main.storyboard */ = {isa = PBXFileReference; fileEncoding = 4; lastKnownFileType = file.storyboard; path = Main.storyboard; sourceTree = "<group>"; };
		D05BCD962795B61B001B850E /* WebService.swift */ = {isa = PBXFileReference; lastKnownFileType = sourcecode.swift; path = WebService.swift; sourceTree = "<group>"; };
		D05BCD982795B64F001B850E /* NewsModel.swift */ = {isa = PBXFileReference; lastKnownFileType = sourcecode.swift; path = NewsModel.swift; sourceTree = "<group>"; };
		D05BCD9B2795B7E8001B850E /* NewsViewModel.swift */ = {isa = PBXFileReference; lastKnownFileType = sourcecode.swift; path = NewsViewModel.swift; sourceTree = "<group>"; };
		D05BCD9D2795BA4F001B850E /* AppUtilities.swift */ = {isa = PBXFileReference; lastKnownFileType = sourcecode.swift; path = AppUtilities.swift; sourceTree = "<group>"; };
		D0602AFF279AAC6D0092413F /* EconomyViewController.swift */ = {isa = PBXFileReference; lastKnownFileType = sourcecode.swift; path = EconomyViewController.swift; sourceTree = "<group>"; };
		D0602B01279AADF80092413F /* PolicyViewController.swift */ = {isa = PBXFileReference; lastKnownFileType = sourcecode.swift; path = PolicyViewController.swift; sourceTree = "<group>"; };
		D06B3B0527957A84001A25EE /* NewsApp.app */ = {isa = PBXFileReference; explicitFileType = wrapper.application; includeInIndex = 0; path = NewsApp.app; sourceTree = BUILT_PRODUCTS_DIR; };
		D06B3B0827957A84001A25EE /* AppDelegate.swift */ = {isa = PBXFileReference; lastKnownFileType = sourcecode.swift; path = AppDelegate.swift; sourceTree = "<group>"; };
		D06B3B0A27957A84001A25EE /* SceneDelegate.swift */ = {isa = PBXFileReference; lastKnownFileType = sourcecode.swift; path = SceneDelegate.swift; sourceTree = "<group>"; };
		D06B3B0C27957A84001A25EE /* HeadlineViewController.swift */ = {isa = PBXFileReference; lastKnownFileType = sourcecode.swift; path = HeadlineViewController.swift; sourceTree = "<group>"; };
		D06B3B1427957A85001A25EE /* Base */ = {isa = PBXFileReference; lastKnownFileType = file.storyboard; name = Base; path = Base.lproj/LaunchScreen.storyboard; sourceTree = "<group>"; };
		D06B3B1627957A85001A25EE /* Info.plist */ = {isa = PBXFileReference; lastKnownFileType = text.plist.xml; path = Info.plist; sourceTree = "<group>"; };
		D06B3B2427957C20001A25EE /* TableViewCell.swift */ = {isa = PBXFileReference; lastKnownFileType = sourcecode.swift; path = TableViewCell.swift; sourceTree = "<group>"; };
		D06B3B2527957C20001A25EE /* HeadlineTableViewCell.xib */ = {isa = PBXFileReference; lastKnownFileType = file.xib; path = HeadlineTableViewCell.xib; sourceTree = "<group>"; };
		D06B3B2827958034001A25EE /* Assets.xcassets */ = {isa = PBXFileReference; lastKnownFileType = folder.assetcatalog; path = Assets.xcassets; sourceTree = "<group>"; };
		D0A9B1F4279A08B50022147F /* MagazineViewController.swift */ = {isa = PBXFileReference; lastKnownFileType = sourcecode.swift; path = MagazineViewController.swift; sourceTree = "<group>"; };
		D0BB2D46279A03A50008B386 /* SportViewController.swift */ = {isa = PBXFileReference; lastKnownFileType = sourcecode.swift; path = SportViewController.swift; sourceTree = "<group>"; };
		DD8E1FACB62BFF9F397F54CE /* Pods_NewsApp.framework */ = {isa = PBXFileReference; explicitFileType = wrapper.framework; includeInIndex = 0; path = Pods_NewsApp.framework; sourceTree = BUILT_PRODUCTS_DIR; };
/* End PBXFileReference section */

/* Begin PBXFrameworksBuildPhase section */
		D06B3B0227957A84001A25EE /* Frameworks */ = {
			isa = PBXFrameworksBuildPhase;
			buildActionMask = 2147483647;
			files = (
				B9EB5600A0D788D51C770ECD /* Pods_NewsApp.framework in Frameworks */,
			);
			runOnlyForDeploymentPostprocessing = 0;
		};
/* End PBXFrameworksBuildPhase section */

/* Begin PBXGroup section */
		11FD9C97143F822C2FB0745A /* Pods */ = {
			isa = PBXGroup;
			children = (
				A66ED8765416B621E6E39FCD /* Pods-NewsApp.debug.xcconfig */,
				A5441B7253218A4B420945DC /* Pods-NewsApp.release.xcconfig */,
			);
			path = Pods;
			sourceTree = "<group>";
		};
		A5FEAEC15B04BDF037834EFA /* Frameworks */ = {
			isa = PBXGroup;
			children = (
				DD8E1FACB62BFF9F397F54CE /* Pods_NewsApp.framework */,
			);
			name = Frameworks;
			sourceTree = "<group>";
		};
		D05BCD952795B60F001B850E /* Service */ = {
			isa = PBXGroup;
			children = (
				D05BCD962795B61B001B850E /* WebService.swift */,
				D05BCD9D2795BA4F001B850E /* AppUtilities.swift */,
			);
			path = Service;
			sourceTree = "<group>";
		};
		D05BCD9A2795B7DC001B850E /* ViewModel */ = {
			isa = PBXGroup;
			children = (
				D05BCD9B2795B7E8001B850E /* NewsViewModel.swift */,
			);
			path = ViewModel;
			sourceTree = "<group>";
		};
		D06B3AFC27957A84001A25EE = {
			isa = PBXGroup;
			children = (
				D06B3B0727957A84001A25EE /* NewsApp */,
				D06B3B0627957A84001A25EE /* Products */,
				11FD9C97143F822C2FB0745A /* Pods */,
				A5FEAEC15B04BDF037834EFA /* Frameworks */,
			);
			sourceTree = "<group>";
		};
		D06B3B0627957A84001A25EE /* Products */ = {
			isa = PBXGroup;
			children = (
				D06B3B0527957A84001A25EE /* NewsApp.app */,
			);
			name = Products;
			sourceTree = "<group>";
		};
		D06B3B0727957A84001A25EE /* NewsApp */ = {
			isa = PBXGroup;
			children = (
				D06B3B1C27957AA5001A25EE /* Model */,
				D05BCD9A2795B7DC001B850E /* ViewModel */,
				D05BCD952795B60F001B850E /* Service */,
				D06B3B1F27957AB8001A25EE /* Cells */,
				D06B3B1E27957AAE001A25EE /* ViewControllers */,
				D06B3B0827957A84001A25EE /* AppDelegate.swift */,
				D06B3B0A27957A84001A25EE /* SceneDelegate.swift */,
				D038D8842795FB4500994561 /* Main.storyboard */,
				D06B3B1327957A85001A25EE /* LaunchScreen.storyboard */,
				D06B3B2827958034001A25EE /* Assets.xcassets */,
				D06B3B1627957A85001A25EE /* Info.plist */,
			);
			path = NewsApp;
			sourceTree = "<group>";
		};
		D06B3B1C27957AA5001A25EE /* Model */ = {
			isa = PBXGroup;
			children = (
				D05BCD982795B64F001B850E /* NewsModel.swift */,
			);
			path = Model;
			sourceTree = "<group>";
		};
		D06B3B1E27957AAE001A25EE /* ViewControllers */ = {
			isa = PBXGroup;
			children = (
				D06B3B0C27957A84001A25EE /* HeadlineViewController.swift */,
				D0BB2D46279A03A50008B386 /* SportViewController.swift */,
				D0A9B1F4279A08B50022147F /* MagazineViewController.swift */,
				D0602AFF279AAC6D0092413F /* EconomyViewController.swift */,
				D0602B01279AADF80092413F /* PolicyViewController.swift */,
				D038D8822795D1F900994561 /* DetailsViewController.swift */,
			);
			path = ViewControllers;
			sourceTree = "<group>";
		};
		D06B3B1F27957AB8001A25EE /* Cells */ = {
			isa = PBXGroup;
			children = (
				D06B3B2427957C20001A25EE /* TableViewCell.swift */,
				D06B3B2527957C20001A25EE /* HeadlineTableViewCell.xib */,
			);
			path = Cells;
			sourceTree = "<group>";
		};
/* End PBXGroup section */

/* Begin PBXNativeTarget section */
		D06B3B0427957A84001A25EE /* NewsApp */ = {
			isa = PBXNativeTarget;
			buildConfigurationList = D06B3B1927957A85001A25EE /* Build configuration list for PBXNativeTarget "NewsApp" */;
			buildPhases = (
				B17B5943C115C2D765B921CB /* [CP] Check Pods Manifest.lock */,
				D06B3B0127957A84001A25EE /* Sources */,
				D06B3B0227957A84001A25EE /* Frameworks */,
				D06B3B0327957A84001A25EE /* Resources */,
				D2D3183C3EA0EB1C603290E2 /* [CP] Embed Pods Frameworks */,
			);
			buildRules = (
			);
			dependencies = (
			);
			name = NewsApp;
			productName = NewsApp;
			productReference = D06B3B0527957A84001A25EE /* NewsApp.app */;
			productType = "com.apple.product-type.application";
		};
/* End PBXNativeTarget section */

/* Begin PBXProject section */
		D06B3AFD27957A84001A25EE /* Project object */ = {
			isa = PBXProject;
			attributes = {
				BuildIndependentTargetsInParallel = 1;
				LastSwiftUpdateCheck = 1310;
				LastUpgradeCheck = 1310;
				TargetAttributes = {
					D06B3B0427957A84001A25EE = {
						CreatedOnToolsVersion = 13.1;
					};
				};
			};
			buildConfigurationList = D06B3B0027957A84001A25EE /* Build configuration list for PBXProject "NewsApp" */;
			compatibilityVersion = "Xcode 13.0";
			developmentRegion = en;
			hasScannedForEncodings = 0;
			knownRegions = (
				en,
				Base,
			);
			mainGroup = D06B3AFC27957A84001A25EE;
			productRefGroup = D06B3B0627957A84001A25EE /* Products */;
			projectDirPath = "";
			projectRoot = "";
			targets = (
				D06B3B0427957A84001A25EE /* NewsApp */,
			);
		};
/* End PBXProject section */

/* Begin PBXResourcesBuildPhase section */
		D06B3B0327957A84001A25EE /* Resources */ = {
			isa = PBXResourcesBuildPhase;
			buildActionMask = 2147483647;
			files = (
				D06B3B1527957A85001A25EE /* LaunchScreen.storyboard in Resources */,
				D06B3B2927958034001A25EE /* Assets.xcassets in Resources */,
				D06B3B2727957C20001A25EE /* HeadlineTableViewCell.xib in Resources */,
				D038D8852795FB4500994561 /* Main.storyboard in Resources */,
			);
			runOnlyForDeploymentPostprocessing = 0;
		};
/* End PBXResourcesBuildPhase section */

/* Begin PBXShellScriptBuildPhase section */
		B17B5943C115C2D765B921CB /* [CP] Check Pods Manifest.lock */ = {
			isa = PBXShellScriptBuildPhase;
			buildActionMask = 2147483647;
			files = (
			);
			inputFileListPaths = (
			);
			inputPaths = (
				"${PODS_PODFILE_DIR_PATH}/Podfile.lock",
				"${PODS_ROOT}/Manifest.lock",
			);
			name = "[CP] Check Pods Manifest.lock";
			outputFileListPaths = (
			);
			outputPaths = (
				"$(DERIVED_FILE_DIR)/Pods-NewsApp-checkManifestLockResult.txt",
			);
			runOnlyForDeploymentPostprocessing = 0;
			shellPath = /bin/sh;
			shellScript = "diff \"${PODS_PODFILE_DIR_PATH}/Podfile.lock\" \"${PODS_ROOT}/Manifest.lock\" > /dev/null\nif [ $? != 0 ] ; then\n    # print error to STDERR\n    echo \"error: The sandbox is not in sync with the Podfile.lock. Run 'pod install' or update your CocoaPods installation.\" >&2\n    exit 1\nfi\n# This output is used by Xcode 'outputs' to avoid re-running this script phase.\necho \"SUCCESS\" > \"${SCRIPT_OUTPUT_FILE_0}\"\n";
			showEnvVarsInLog = 0;
		};
		D2D3183C3EA0EB1C603290E2 /* [CP] Embed Pods Frameworks */ = {
			isa = PBXShellScriptBuildPhase;
			buildActionMask = 2147483647;
			files = (
			);
			inputFileListPaths = (
				"${PODS_ROOT}/Target Support Files/Pods-NewsApp/Pods-NewsApp-frameworks-${CONFIGURATION}-input-files.xcfilelist",
			);
			name = "[CP] Embed Pods Frameworks";
			outputFileListPaths = (
				"${PODS_ROOT}/Target Support Files/Pods-NewsApp/Pods-NewsApp-frameworks-${CONFIGURATION}-output-files.xcfilelist",
			);
			runOnlyForDeploymentPostprocessing = 0;
			shellPath = /bin/sh;
			shellScript = "\"${PODS_ROOT}/Target Support Files/Pods-NewsApp/Pods-NewsApp-frameworks.sh\"\n";
			showEnvVarsInLog = 0;
		};
/* End PBXShellScriptBuildPhase section */

/* Begin PBXSourcesBuildPhase section */
		D06B3B0127957A84001A25EE /* Sources */ = {
			isa = PBXSourcesBuildPhase;
			buildActionMask = 2147483647;
			files = (
				D0A9B1F5279A08B50022147F /* MagazineViewController.swift in Sources */,
				D05BCD992795B64F001B850E /* NewsModel.swift in Sources */,
				D06B3B0D27957A84001A25EE /* HeadlineViewController.swift in Sources */,
				D0602B00279AAC6E0092413F /* EconomyViewController.swift in Sources */,
				D038D8832795D1F900994561 /* DetailsViewController.swift in Sources */,
				D05BCD9E2795BA4F001B850E /* AppUtilities.swift in Sources */,
				D0BB2D47279A03A50008B386 /* SportViewController.swift in Sources */,
				D0602B02279AADF80092413F /* PolicyViewController.swift in Sources */,
				D06B3B0927957A84001A25EE /* AppDelegate.swift in Sources */,
				D06B3B0B27957A84001A25EE /* SceneDelegate.swift in Sources */,
				D05BCD9C2795B7E8001B850E /* NewsViewModel.swift in Sources */,
				D05BCD972795B61B001B850E /* WebService.swift in Sources */,
				D06B3B2627957C20001A25EE /* TableViewCell.swift in Sources */,
			);
			runOnlyForDeploymentPostprocessing = 0;
		};
/* End PBXSourcesBuildPhase section */

/* Begin PBXVariantGroup section */
		D06B3B1327957A85001A25EE /* LaunchScreen.storyboard */ = {
			isa = PBXVariantGroup;
			children = (
				D06B3B1427957A85001A25EE /* Base */,
			);
			name = LaunchScreen.storyboard;
			sourceTree = "<group>";
		};
/* End PBXVariantGroup section */

/* Begin XCBuildConfiguration section */
		D06B3B1727957A85001A25EE /* Debug */ = {
			isa = XCBuildConfiguration;
			buildSettings = {
				ALWAYS_SEARCH_USER_PATHS = NO;
				CLANG_ANALYZER_NONNULL = YES;
				CLANG_ANALYZER_NUMBER_OBJECT_CONVERSION = YES_AGGRESSIVE;
				CLANG_CXX_LANGUAGE_STANDARD = "gnu++17";
				CLANG_CXX_LIBRARY = "libc++";
				CLANG_ENABLE_MODULES = YES;
				CLANG_ENABLE_OBJC_ARC = YES;
				CLANG_ENABLE_OBJC_WEAK = YES;
				CLANG_WARN_BLOCK_CAPTURE_AUTORELEASING = YES;
				CLANG_WARN_BOOL_CONVERSION = YES;
				CLANG_WARN_COMMA = YES;
				CLANG_WARN_CONSTANT_CONVERSION = YES;
				CLANG_WARN_DEPRECATED_OBJC_IMPLEMENTATIONS = YES;
				CLANG_WARN_DIRECT_OBJC_ISA_USAGE = YES_ERROR;
				CLANG_WARN_DOCUMENTATION_COMMENTS = YES;
				CLANG_WARN_EMPTY_BODY = YES;
				CLANG_WARN_ENUM_CONVERSION = YES;
				CLANG_WARN_INFINITE_RECURSION = YES;
				CLANG_WARN_INT_CONVERSION = YES;
				CLANG_WARN_NON_LITERAL_NULL_CONVERSION = YES;
				CLANG_WARN_OBJC_IMPLICIT_RETAIN_SELF = YES;
				CLANG_WARN_OBJC_LITERAL_CONVERSION = YES;
				CLANG_WARN_OBJC_ROOT_CLASS = YES_ERROR;
				CLANG_WARN_QUOTED_INCLUDE_IN_FRAMEWORK_HEADER = YES;
				CLANG_WARN_RANGE_LOOP_ANALYSIS = YES;
				CLANG_WARN_STRICT_PROTOTYPES = YES;
				CLANG_WARN_SUSPICIOUS_MOVE = YES;
				CLANG_WARN_UNGUARDED_AVAILABILITY = YES_AGGRESSIVE;
				CLANG_WARN_UNREACHABLE_CODE = YES;
				CLANG_WARN__DUPLICATE_METHOD_MATCH = YES;
				COPY_PHASE_STRIP = NO;
				DEBUG_INFORMATION_FORMAT = dwarf;
				ENABLE_STRICT_OBJC_MSGSEND = YES;
				ENABLE_TESTABILITY = YES;
				GCC_C_LANGUAGE_STANDARD = gnu11;
				GCC_DYNAMIC_NO_PIC = NO;
				GCC_NO_COMMON_BLOCKS = YES;
				GCC_OPTIMIZATION_LEVEL = 0;
				GCC_PREPROCESSOR_DEFINITIONS = (
					"DEBUG=1",
					"$(inherited)",
				);
				GCC_WARN_64_TO_32_BIT_CONVERSION = YES;
				GCC_WARN_ABOUT_RETURN_TYPE = YES_ERROR;
				GCC_WARN_UNDECLARED_SELECTOR = YES;
				GCC_WARN_UNINITIALIZED_AUTOS = YES_AGGRESSIVE;
				GCC_WARN_UNUSED_FUNCTION = YES;
				GCC_WARN_UNUSED_VARIABLE = YES;
				IPHONEOS_DEPLOYMENT_TARGET = 15.0;
				MTL_ENABLE_DEBUG_INFO = INCLUDE_SOURCE;
				MTL_FAST_MATH = YES;
				ONLY_ACTIVE_ARCH = YES;
				SDKROOT = iphoneos;
				SWIFT_ACTIVE_COMPILATION_CONDITIONS = DEBUG;
				SWIFT_OPTIMIZATION_LEVEL = "-Onone";
			};
			name = Debug;
		};
		D06B3B1827957A85001A25EE /* Release */ = {
			isa = XCBuildConfiguration;
			buildSettings = {
				ALWAYS_SEARCH_USER_PATHS = NO;
				CLANG_ANALYZER_NONNULL = YES;
				CLANG_ANALYZER_NUMBER_OBJECT_CONVERSION = YES_AGGRESSIVE;
				CLANG_CXX_LANGUAGE_STANDARD = "gnu++17";
				CLANG_CXX_LIBRARY = "libc++";
				CLANG_ENABLE_MODULES = YES;
				CLANG_ENABLE_OBJC_ARC = YES;
				CLANG_ENABLE_OBJC_WEAK = YES;
				CLANG_WARN_BLOCK_CAPTURE_AUTORELEASING = YES;
				CLANG_WARN_BOOL_CONVERSION = YES;
				CLANG_WARN_COMMA = YES;
				CLANG_WARN_CONSTANT_CONVERSION = YES;
				CLANG_WARN_DEPRECATED_OBJC_IMPLEMENTATIONS = YES;
				CLANG_WARN_DIRECT_OBJC_ISA_USAGE = YES_ERROR;
				CLANG_WARN_DOCUMENTATION_COMMENTS = YES;
				CLANG_WARN_EMPTY_BODY = YES;
				CLANG_WARN_ENUM_CONVERSION = YES;
				CLANG_WARN_INFINITE_RECURSION = YES;
				CLANG_WARN_INT_CONVERSION = YES;
				CLANG_WARN_NON_LITERAL_NULL_CONVERSION = YES;
				CLANG_WARN_OBJC_IMPLICIT_RETAIN_SELF = YES;
				CLANG_WARN_OBJC_LITERAL_CONVERSION = YES;
				CLANG_WARN_OBJC_ROOT_CLASS = YES_ERROR;
				CLANG_WARN_QUOTED_INCLUDE_IN_FRAMEWORK_HEADER = YES;
				CLANG_WARN_RANGE_LOOP_ANALYSIS = YES;
				CLANG_WARN_STRICT_PROTOTYPES = YES;
				CLANG_WARN_SUSPICIOUS_MOVE = YES;
				CLANG_WARN_UNGUARDED_AVAILABILITY = YES_AGGRESSIVE;
				CLANG_WARN_UNREACHABLE_CODE = YES;
				CLANG_WARN__DUPLICATE_METHOD_MATCH = YES;
				COPY_PHASE_STRIP = NO;
				DEBUG_INFORMATION_FORMAT = "dwarf-with-dsym";
				ENABLE_NS_ASSERTIONS = NO;
				ENABLE_STRICT_OBJC_MSGSEND = YES;
				GCC_C_LANGUAGE_STANDARD = gnu11;
				GCC_NO_COMMON_BLOCKS = YES;
				GCC_WARN_64_TO_32_BIT_CONVERSION = YES;
				GCC_WARN_ABOUT_RETURN_TYPE = YES_ERROR;
				GCC_WARN_UNDECLARED_SELECTOR = YES;
				GCC_WARN_UNINITIALIZED_AUTOS = YES_AGGRESSIVE;
				GCC_WARN_UNUSED_FUNCTION = YES;
				GCC_WARN_UNUSED_VARIABLE = YES;
				IPHONEOS_DEPLOYMENT_TARGET = 15.0;
				MTL_ENABLE_DEBUG_INFO = NO;
				MTL_FAST_MATH = YES;
				SDKROOT = iphoneos;
				SWIFT_COMPILATION_MODE = wholemodule;
				SWIFT_OPTIMIZATION_LEVEL = "-O";
				VALIDATE_PRODUCT = YES;
			};
			name = Release;
		};
		D06B3B1A27957A85001A25EE /* Debug */ = {
			isa = XCBuildConfiguration;
			baseConfigurationReference = A66ED8765416B621E6E39FCD /* Pods-NewsApp.debug.xcconfig */;
			buildSettings = {
				ASSETCATALOG_COMPILER_APPICON_NAME = AppIcon;
				ASSETCATALOG_COMPILER_GLOBAL_ACCENT_COLOR_NAME = AccentColor;
				CODE_SIGN_STYLE = Automatic;
				CURRENT_PROJECT_VERSION = 1;
				DEVELOPMENT_TEAM = QF3NQPUP3W;
				GENERATE_INFOPLIST_FILE = YES;
				INFOPLIST_FILE = NewsApp/Info.plist;
				INFOPLIST_KEY_UIApplicationSupportsIndirectInputEvents = YES;
				INFOPLIST_KEY_UILaunchStoryboardName = LaunchScreen;
				INFOPLIST_KEY_UIMainStoryboardFile = Main;
				INFOPLIST_KEY_UISupportedInterfaceOrientations_iPad = "UIInterfaceOrientationPortrait UIInterfaceOrientationPortraitUpsideDown UIInterfaceOrientationLandscapeLeft UIInterfaceOrientationLandscapeRight";
				INFOPLIST_KEY_UISupportedInterfaceOrientations_iPhone = "UIInterfaceOrientationPortrait UIInterfaceOrientationLandscapeLeft UIInterfaceOrientationLandscapeRight";
				LD_RUNPATH_SEARCH_PATHS = (
					"$(inherited)",
					"@executable_path/Frameworks",
				);
				MARKETING_VERSION = 1.0;
				PRODUCT_BUNDLE_IDENTIFIER = com.ugurburakguven.NewsApp;
				PRODUCT_NAME = "$(TARGET_NAME)";
				SWIFT_EMIT_LOC_STRINGS = YES;
				SWIFT_VERSION = 5.0;
				TARGETED_DEVICE_FAMILY = "1,2";
			};
			name = Debug;
		};
		D06B3B1B27957A85001A25EE /* Release */ = {
			isa = XCBuildConfiguration;
			baseConfigurationReference = A5441B7253218A4B420945DC /* Pods-NewsApp.release.xcconfig */;
			buildSettings = {
				ASSETCATALOG_COMPILER_APPICON_NAME = AppIcon;
				ASSETCATALOG_COMPILER_GLOBAL_ACCENT_COLOR_NAME = AccentColor;
				CODE_SIGN_STYLE = Automatic;
				CURRENT_PROJECT_VERSION = 1;
				DEVELOPMENT_TEAM = QF3NQPUP3W;
				GENERATE_INFOPLIST_FILE = YES;
				INFOPLIST_FILE = NewsApp/Info.plist;
				INFOPLIST_KEY_UIApplicationSupportsIndirectInputEvents = YES;
				INFOPLIST_KEY_UILaunchStoryboardName = LaunchScreen;
				INFOPLIST_KEY_UIMainStoryboardFile = Main;
				INFOPLIST_KEY_UISupportedInterfaceOrientations_iPad = "UIInterfaceOrientationPortrait UIInterfaceOrientationPortraitUpsideDown UIInterfaceOrientationLandscapeLeft UIInterfaceOrientationLandscapeRight";
				INFOPLIST_KEY_UISupportedInterfaceOrientations_iPhone = "UIInterfaceOrientationPortrait UIInterfaceOrientationLandscapeLeft UIInterfaceOrientationLandscapeRight";
				LD_RUNPATH_SEARCH_PATHS = (
					"$(inherited)",
					"@executable_path/Frameworks",
				);
				MARKETING_VERSION = 1.0;
				PRODUCT_BUNDLE_IDENTIFIER = com.ugurburakguven.NewsApp;
				PRODUCT_NAME = "$(TARGET_NAME)";
				SWIFT_EMIT_LOC_STRINGS = YES;
				SWIFT_VERSION = 5.0;
				TARGETED_DEVICE_FAMILY = "1,2";
			};
			name = Release;
		};
/* End XCBuildConfiguration section */

/* Begin XCConfigurationList section */
		D06B3B0027957A84001A25EE /* Build configuration list for PBXProject "NewsApp" */ = {
			isa = XCConfigurationList;
			buildConfigurations = (
				D06B3B1727957A85001A25EE /* Debug */,
				D06B3B1827957A85001A25EE /* Release */,
			);
			defaultConfigurationIsVisible = 0;
			defaultConfigurationName = Release;
		};
		D06B3B1927957A85001A25EE /* Build configuration list for PBXNativeTarget "NewsApp" */ = {
			isa = XCConfigurationList;
			buildConfigurations = (
				D06B3B1A27957A85001A25EE /* Debug */,
				D06B3B1B27957A85001A25EE /* Release */,
			);
			defaultConfigurationIsVisible = 0;
			defaultConfigurationName = Release;
		};
/* End XCConfigurationList section */
	};
	rootObject = D06B3AFD27957A84001A25EE /* Project object */;
}
